version = 1
revision = 3
requires-python = ">=3.12"
resolution-markers = [
    "sys_platform != 'emscripten'",
    "sys_platform == 'emscripten'",
]

[[package]]
name = "boink"
version = "0.1.0"
source = { virtual = "." }
dependencies = [
    { name = "pygame-ce" },
    { name = "pymunk" },
]

[package.optional-dependencies]
dev = [
    { name = "mypy" },
    { name = "ruff" },
]

[package.metadata]
requires-dist = [
    { name = "mypy", marker = "extra == 'dev'", specifier = ">=1.8.0" },
    { name = "pygame-ce", specifier = ">=2.5.0" },
    { name = "pymunk", specifier = ">=7.1.0" },
    { name = "ruff", marker = "extra == 'dev'", specifier = ">=0.1.0" },
]
provides-extras = ["dev"]

[[package]]
name = "cffi"
version = "1.17.1"
source = { registry = "https://pypi.netflix.net/simple" }
dependencies = [
    { name = "pycparser" },
]
sdist = { url = "https://pypi.netflix.net/packages/16472835645/cffi-1.17.1.tar.gz", hash = "sha256:1c39c6016c32bc48dd54561950ebd6836e1670f2ae46128f67cf49e789c52824", size = 516621, upload-time = "2024-09-04T20:45:21.852Z" }
wheels = [
    { url = "https://pypi.netflix.net/packages/16472835603/cffi-1.17.1-cp312-cp312-macosx_10_9_x86_64.whl", hash = "sha256:805b4371bf7197c329fcb3ead37e710d1bca9da5d583f5073b799d5c5bd1eee4", size = 183178, upload-time = "2024-09-04T20:44:12.232Z" },
    { url = "https://pypi.netflix.net/packages/16472835604/cffi-1.17.1-cp312-cp312-macosx_11_0_arm64.whl", hash = "sha256:733e99bc2df47476e3848417c5a4540522f234dfd4ef3ab7fafdf555b082ec0c", size = 178840, upload-time = "2024-09-04T20:44:13.739Z" },
    { url = "https://pypi.netflix.net/packages/16472835605/cffi-1.17.1-cp312-cp312-manylinux_2_12_i686.manylinux2010_i686.manylinux_2_17_i686.manylinux2014_i686.whl", hash = "sha256:1257bdabf294dceb59f5e70c64a3e2f462c30c7ad68092d01bbbfb1c16b1ba36", size = 454803, upload-time = "2024-09-04T20:44:15.231Z" },
    { url = "https://pypi.netflix.net/packages/16472835606/cffi-1.17.1-cp312-cp312-manylinux_2_17_aarch64.manylinux2014_aarch64.whl", hash = "sha256:da95af8214998d77a98cc14e3a3bd00aa191526343078b530ceb0bd710fb48a5", size = 478850, upload-time = "2024-09-04T20:44:17.188Z" },
    { url = "https://pypi.netflix.net/packages/16472835607/cffi-1.17.1-cp312-cp312-manylinux_2_17_ppc64le.manylinux2014_ppc64le.whl", hash = "sha256:d63afe322132c194cf832bfec0dc69a99fb9bb6bbd550f161a49e9e855cc78ff", size = 485729, upload-time = "2024-09-04T20:44:18.688Z" },
    { url = "https://pypi.netflix.net/packages/16472835608/cffi-1.17.1-cp312-cp312-manylinux_2_17_s390x.manylinux2014_s390x.whl", hash = "sha256:f79fc4fc25f1c8698ff97788206bb3c2598949bfe0fef03d299eb1b5356ada99", size = 471256, upload-time = "2024-09-04T20:44:20.248Z" },
    { url = "https://pypi.netflix.net/packages/16472835609/cffi-1.17.1-cp312-cp312-manylinux_2_17_x86_64.manylinux2014_x86_64.whl", hash = "sha256:b62ce867176a75d03a665bad002af8e6d54644fad99a3c70905c543130e39d93", size = 479424, upload-time = "2024-09-04T20:44:21.673Z" },
    { url = "https://pypi.netflix.net/packages/16472835610/cffi-1.17.1-cp312-cp312-musllinux_1_1_aarch64.whl", hash = "sha256:386c8bf53c502fff58903061338ce4f4950cbdcb23e2902d86c0f722b786bbe3", size = 484568, upload-time = "2024-09-04T20:44:23.245Z" },
    { url = "https://pypi.netflix.net/packages/16472835611/cffi-1.17.1-cp312-cp312-musllinux_1_1_x86_64.whl", hash = "sha256:4ceb10419a9adf4460ea14cfd6bc43d08701f0835e979bf821052f1805850fe8", size = 488736, upload-time = "2024-09-04T20:44:24.757Z" },
    { url = "https://pypi.netflix.net/packages/16472835612/cffi-1.17.1-cp312-cp312-win32.whl", hash = "sha256:a08d7e755f8ed21095a310a693525137cfe756ce62d066e53f502a83dc550f65", size = 172448, upload-time = "2024-09-04T20:44:26.208Z" },
    { url = "https://pypi.netflix.net/packages/16472835613/cffi-1.17.1-cp312-cp312-win_amd64.whl", hash = "sha256:51392eae71afec0d0c8fb1a53b204dbb3bcabcb3c9b807eedf3e1e6ccf2de903", size = 181976, upload-time = "2024-09-04T20:44:27.578Z" },
    { url = "https://pypi.netflix.net/packages/16472835614/cffi-1.17.1-cp313-cp313-macosx_10_13_x86_64.whl", hash = "sha256:f3a2b4222ce6b60e2e8b337bb9596923045681d71e5a082783484d845390938e", size = 182989, upload-time = "2024-09-04T20:44:28.956Z" },
    { url = "https://pypi.netflix.net/packages/16472835615/cffi-1.17.1-cp313-cp313-macosx_11_0_arm64.whl", hash = "sha256:0984a4925a435b1da406122d4d7968dd861c1385afe3b45ba82b750f229811e2", size = 178802, upload-time = "2024-09-04T20:44:30.289Z" },
    { url = "https://pypi.netflix.net/packages/16472835616/cffi-1.17.1-cp313-cp313-manylinux_2_12_i686.manylinux2010_i686.manylinux_2_17_i686.manylinux2014_i686.whl", hash = "sha256:d01b12eeeb4427d3110de311e1774046ad344f5b1a7403101878976ecd7a10f3", size = 454792, upload-time = "2024-09-04T20:44:32.01Z" },
    { url = "https://pypi.netflix.net/packages/16472835617/cffi-1.17.1-cp313-cp313-manylinux_2_17_aarch64.manylinux2014_aarch64.whl", hash = "sha256:706510fe141c86a69c8ddc029c7910003a17353970cff3b904ff0686a5927683", size = 478893, upload-time = "2024-09-04T20:44:33.606Z" },
    { url = "https://pypi.netflix.net/packages/16472835618/cffi-1.17.1-cp313-cp313-manylinux_2_17_ppc64le.manylinux2014_ppc64le.whl", hash = "sha256:de55b766c7aa2e2a3092c51e0483d700341182f08e67c63630d5b6f200bb28e5", size = 485810, upload-time = "2024-09-04T20:44:35.191Z" },
    { url = "https://pypi.netflix.net/packages/16472835619/cffi-1.17.1-cp313-cp313-manylinux_2_17_s390x.manylinux2014_s390x.whl", hash = "sha256:c59d6e989d07460165cc5ad3c61f9fd8f1b4796eacbd81cee78957842b834af4", size = 471200, upload-time = "2024-09-04T20:44:36.743Z" },
    { url = "https://pypi.netflix.net/packages/16472835620/cffi-1.17.1-cp313-cp313-manylinux_2_17_x86_64.manylinux2014_x86_64.whl", hash = "sha256:dd398dbc6773384a17fe0d3e7eeb8d1a21c2200473ee6806bb5e6a8e62bb73dd", size = 479447, upload-time = "2024-09-04T20:44:38.492Z" },
    { url = "https://pypi.netflix.net/packages/16472835621/cffi-1.17.1-cp313-cp313-musllinux_1_1_aarch64.whl", hash = "sha256:3edc8d958eb099c634dace3c7e16560ae474aa3803a5df240542b305d14e14ed", size = 484358, upload-time = "2024-09-04T20:44:40.046Z" },
    { url = "https://pypi.netflix.net/packages/16472835622/cffi-1.17.1-cp313-cp313-musllinux_1_1_x86_64.whl", hash = "sha256:72e72408cad3d5419375fc87d289076ee319835bdfa2caad331e377589aebba9", size = 488469, upload-time = "2024-09-04T20:44:41.616Z" },
    { url = "https://pypi.netflix.net/packages/16472835623/cffi-1.17.1-cp313-cp313-win32.whl", hash = "sha256:e03eab0a8677fa80d646b5ddece1cbeaf556c313dcfac435ba11f107ba117b5d", size = 172475, upload-time = "2024-09-04T20:44:43.733Z" },
    { url = "https://pypi.netflix.net/packages/16472835624/cffi-1.17.1-cp313-cp313-win_amd64.whl", hash = "sha256:f6a16c31041f09ead72d69f583767292f750d24913dadacf5756b966aacb3f1a", size = 182009, upload-time = "2024-09-04T20:44:45.309Z" },
]

[[package]]
name = "mypy"
version = "1.17.1"
source = { registry = "https://pypi.netflix.net/simple" }
dependencies = [
    { name = "mypy-extensions" },
    { name = "pathspec" },
    { name = "typing-extensions" },
]
sdist = { url = "https://pypi.netflix.net/packages/18925544462/mypy-1.17.1.tar.gz", hash = "sha256:25e01ec741ab5bb3eec8ba9cdb0f769230368a22c959c4937360efb89b7e9f01", size = 3352570, upload-time = "2025-07-31T07:54:19.204Z" }
wheels = [
    { url = "https://pypi.netflix.net/packages/18925536987/mypy-1.17.1-cp312-cp312-macosx_10_13_x86_64.whl", hash = "sha256:69e83ea6553a3ba79c08c6e15dbd9bfa912ec1e493bf75489ef93beb65209aeb", size = 11086295, upload-time = "2025-07-31T07:53:28.124Z" },
    { url = "https://pypi.netflix.net/packages/18925536988/mypy-1.17.1-cp312-cp312-macosx_11_0_arm64.whl", hash = "sha256:1b16708a66d38abb1e6b5702f5c2c87e133289da36f6a1d15f6a5221085c6403", size = 10112355, upload-time = "2025-07-31T07:53:21.121Z" },
    { url = "https://pypi.netflix.net/packages/18925540221/mypy-1.17.1-cp312-cp312-manylinux2014_aarch64.manylinux_2_17_aarch64.manylinux_2_28_aarch64.whl", hash = "sha256:89e972c0035e9e05823907ad5398c5a73b9f47a002b22359b177d40bdaee7056", size = 11875285, upload-time = "2025-07-31T07:53:55.293Z" },
    { url = "https://pypi.netflix.net/packages/18925538601/mypy-1.17.1-cp312-cp312-manylinux2014_x86_64.manylinux_2_17_x86_64.manylinux_2_28_x86_64.whl", hash = "sha256:03b6d0ed2b188e35ee6d5c36b5580cffd6da23319991c49ab5556c023ccf1341", size = 12737895, upload-time = "2025-07-31T07:53:43.623Z" },
    { url = "https://pypi.netflix.net/packages/18925544440/mypy-1.17.1-cp312-cp312-musllinux_1_2_x86_64.whl", hash = "sha256:c837b896b37cd103570d776bda106eabb8737aa6dd4f248451aecf53030cdbeb", size = 12931025, upload-time = "2025-07-31T07:54:17.125Z" },
    { url = "https://pypi.netflix.net/packages/18925541983/mypy-1.17.1-cp312-cp312-win_amd64.whl", hash = "sha256:665afab0963a4b39dff7c1fa563cc8b11ecff7910206db4b2e64dd1ba25aed19", size = 9584664, upload-time = "2025-07-31T07:54:12.842Z" },
    { url = "https://pypi.netflix.net/packages/18925538602/mypy-1.17.1-cp313-cp313-macosx_10_13_x86_64.whl", hash = "sha256:93378d3203a5c0800c6b6d850ad2f19f7a3cdf1a3701d3416dbf128805c6a6a7", size = 11075338, upload-time = "2025-07-31T07:53:38.873Z" },
    { url = "https://pypi.netflix.net/packages/18925544443/mypy-1.17.1-cp313-cp313-macosx_11_0_arm64.whl", hash = "sha256:15d54056f7fe7a826d897789f53dd6377ec2ea8ba6f776dc83c2902b899fee81", size = 10113066, upload-time = "2025-07-31T07:54:14.707Z" },
    { url = "https://pypi.netflix.net/packages/18925535381/mypy-1.17.1-cp313-cp313-manylinux2014_aarch64.manylinux_2_17_aarch64.manylinux_2_28_aarch64.whl", hash = "sha256:209a58fed9987eccc20f2ca94afe7257a8f46eb5df1fb69958650973230f91e6", size = 11875473, upload-time = "2025-07-31T07:53:14.504Z" },
    { url = "https://pypi.netflix.net/packages/18925535382/mypy-1.17.1-cp313-cp313-manylinux2014_x86_64.manylinux_2_17_x86_64.manylinux_2_28_x86_64.whl", hash = "sha256:099b9a5da47de9e2cb5165e581f158e854d9e19d2e96b6698c0d64de911dd849", size = 12744296, upload-time = "2025-07-31T07:53:03.896Z" },
    { url = "https://pypi.netflix.net/packages/18925541987/mypy-1.17.1-cp313-cp313-musllinux_1_2_x86_64.whl", hash = "sha256:fa6ffadfbe6994d724c5a1bb6123a7d27dd68fc9c059561cd33b664a79578e14", size = 12914657, upload-time = "2025-07-31T07:54:08.576Z" },
    { url = "https://pypi.netflix.net/packages/18925535383/mypy-1.17.1-cp313-cp313-win_amd64.whl", hash = "sha256:9a2b7d9180aed171f033c9f2fc6c204c1245cf60b0cb61cf2e7acc24eea78e0a", size = 9593320, upload-time = "2025-07-31T07:53:01.341Z" },
    { url = "https://pypi.netflix.net/packages/18925541989/mypy-1.17.1-cp314-cp314-macosx_10_13_x86_64.whl", hash = "sha256:15a83369400454c41ed3a118e0cc58bd8123921a602f385cb6d6ea5df050c733", size = 11040037, upload-time = "2025-07-31T07:54:10.942Z" },
    { url = "https://pypi.netflix.net/packages/18925538606/mypy-1.17.1-cp314-cp314-macosx_11_0_arm64.whl", hash = "sha256:55b918670f692fc9fba55c3298d8a3beae295c5cded0a55dccdc5bbead814acd", size = 10131550, upload-time = "2025-07-31T07:53:41.307Z" },
    { url = "https://pypi.netflix.net/packages/18925536992/mypy-1.17.1-cp314-cp314-manylinux2014_aarch64.manylinux_2_17_aarch64.manylinux_2_28_aarch64.whl", hash = "sha256:62761474061feef6f720149d7ba876122007ddc64adff5ba6f374fda35a018a0", size = 11872963, upload-time = "2025-07-31T07:53:16.878Z" },
    { url = "https://pypi.netflix.net/packages/18925541992/mypy-1.17.1-cp314-cp314-manylinux2014_x86_64.manylinux_2_17_x86_64.manylinux_2_28_x86_64.whl", hash = "sha256:c49562d3d908fd49ed0938e5423daed8d407774a479b595b143a3d7f87cdae6a", size = 12710189, upload-time = "2025-07-31T07:54:01.962Z" },
    { url = "https://pypi.netflix.net/packages/18925535384/mypy-1.17.1-cp314-cp314-musllinux_1_2_x86_64.whl", hash = "sha256:397fba5d7616a5bc60b45c7ed204717eaddc38f826e3645402c426057ead9a91", size = 12900322, upload-time = "2025-07-31T07:53:10.551Z" },
    { url = "https://pypi.netflix.net/packages/18925535385/mypy-1.17.1-cp314-cp314-win_amd64.whl", hash = "sha256:9d6b20b97d373f41617bd0708fd46aa656059af57f2ef72aa8c7d6a2b73b74ed", size = 9751879, upload-time = "2025-07-31T07:52:56.683Z" },
    { url = "https://pypi.netflix.net/packages/18925536998/mypy-1.17.1-py3-none-any.whl", hash = "sha256:a9f52c0351c21fe24c21d8c0eb1f62967b262d6729393397b6f443c3b773c3b9", size = 2283411, upload-time = "2025-07-31T07:53:24.664Z" },
]

[[package]]
name = "mypy-extensions"
version = "1.1.0"
source = { registry = "https://pypi.netflix.net/simple" }
sdist = { url = "https://pypi.netflix.net/packages/18629119459/mypy_extensions-1.1.0.tar.gz", hash = "sha256:52e68efc3284861e772bbcd66823fde5ae21fd2fdb51c62a211403730b916558", size = 6343, upload-time = "2025-04-22T14:54:24.164Z" }
wheels = [
    { url = "https://pypi.netflix.net/packages/18629119458/mypy_extensions-1.1.0-py3-none-any.whl", hash = "sha256:1be4cccdb0f2482337c4743e60421de3a356cd97508abadd57d47403e94f5505", size = 4963, upload-time = "2025-04-22T14:54:22.983Z" },
]

[[package]]
name = "pathspec"
version = "0.12.1"
source = { registry = "https://pypi.netflix.net/simple" }
sdist = { url = "https://pypi.netflix.net/packages/3372831493/pathspec-0.12.1.tar.gz", hash = "sha256:a482d51503a1ab33b1c67a6c3813a26953dbdc71c31dacaef9a838c4e29f5712", size = 51043, upload-time = "2023-12-10T22:30:45Z" }
wheels = [
    { url = "https://pypi.netflix.net/packages/3372831492/pathspec-0.12.1-py3-none-any.whl", hash = "sha256:a0d503e138a4c123b27490a4f7beda6a01c6f288df0e4a8b79c7eb0dc7b4cc08", size = 31191, upload-time = "2023-12-10T22:30:43.14Z" },
]

[[package]]
name = "pycparser"
version = "2.22"
source = { registry = "https://pypi.netflix.net/simple" }
sdist = { url = "https://pypi.netflix.net/packages/13242271689/pycparser-2.22.tar.gz", hash = "sha256:491c8be9c040f5390f5bf44a5b07752bd07f56edf992381b05c701439eec10f6", size = 172736, upload-time = "2024-03-30T13:22:22.564Z" }
wheels = [
    { url = "https://pypi.netflix.net/packages/13242271688/pycparser-2.22-py3-none-any.whl", hash = "sha256:c3702b6d3dd8c7abc1afa565d7e63d53a1d0bd86cdc24edd75470f4de499cfcc", size = 117552, upload-time = "2024-03-30T13:22:20.476Z" },
]

[[package]]
name = "pygame-ce"
version = "2.5.5"
source = { registry = "https://pypi.netflix.net/simple" }
sdist = { url = "https://pypi.netflix.net/packages/18755319861/pygame_ce-2.5.5.tar.gz", hash = "sha256:a7f297c223c6e35f16d65d47a19757005763ea7e90795ccc37c0bc562364ae6b", size = 5821935, upload-time = "2025-06-07T07:33:03.501Z" }
wheels = [
    { url = "https://pypi.netflix.net/packages/18755311647/pygame_ce-2.5.5-cp312-cp312-macosx_10_13_x86_64.whl", hash = "sha256:cb6801f224a806f883e5de558d3424a53e714abec7d6a47d32fc6b9cfa92e598", size = 12409360, upload-time = "2025-06-07T07:31:44.103Z" },
    { url = "https://pypi.netflix.net/packages/18755311648/pygame_ce-2.5.5-cp312-cp312-macosx_11_0_arm64.whl", hash = "sha256:adddaf63af2f5b5d0a3840aa73021b71766fa16c1ed3fc18756b54e90b66592f", size = 11660289, upload-time = "2025-06-07T07:31:46.725Z" },
    { url = "https://pypi.netflix.net/packages/18755311649/pygame_ce-2.5.5-cp312-cp312-manylinux_2_17_aarch64.manylinux2014_aarch64.whl", hash = "sha256:1602ed3dd274e36d5c6008ff2c500223bea38aab0d4fa4a8eae0a0e5897bcb88", size = 12290133, upload-time = "2025-06-07T07:31:49.188Z" },
    { url = "https://pypi.netflix.net/packages/18755311650/pygame_ce-2.5.5-cp312-cp312-manylinux_2_17_i686.manylinux2014_i686.whl", hash = "sha256:eb42884c847d54a40c98cf631ca8014406eaf8bbfeddde298269193c533a61eb", size = 12823259, upload-time = "2025-06-07T07:31:51.489Z" },
    { url = "https://pypi.netflix.net/packages/18755313000/pygame_ce-2.5.5-cp312-cp312-manylinux_2_17_x86_64.manylinux2014_x86_64.whl", hash = "sha256:13dec639f227dd1092b161e696769f8b6dfbeb92e4e4fabc729dc689a4c63997", size = 12467026, upload-time = "2025-06-07T07:31:53.792Z" },
    { url = "https://pypi.netflix.net/packages/18755313001/pygame_ce-2.5.5-cp312-cp312-win32.whl", hash = "sha256:356ba09a684a92b04330d3d6bb3136066a170aea15f300b078edda347b719fb2", size = 9802023, upload-time = "2025-06-07T07:31:55.983Z" },
    { url = "https://pypi.netflix.net/packages/18755313002/pygame_ce-2.5.5-cp312-cp312-win_amd64.whl", hash = "sha256:7863dbaf5c33bbba878b6e5aa1b11592048a96b383b11dac15a0837a14c30b62", size = 10378199, upload-time = "2025-06-07T07:31:58.046Z" },
    { url = "https://pypi.netflix.net/packages/18755313003/pygame_ce-2.5.5-cp313-cp313-macosx_10_13_x86_64.whl", hash = "sha256:32008bef532318c7f8d97fb087a16b44c0d5140969963b6afbf0f9521d18f3dc", size = 12403252, upload-time = "2025-06-07T07:32:00.325Z" },
    { url = "https://pypi.netflix.net/packages/18755313004/pygame_ce-2.5.5-cp313-cp313-macosx_11_0_arm64.whl", hash = "sha256:00004956921641d9dc7e628be77ea7f23333b839e48ec981704b6516537bd67f", size = 11654505, upload-time = "2025-06-07T07:32:02.91Z" },
    { url = "https://pypi.netflix.net/packages/18755313005/pygame_ce-2.5.5-cp313-cp313-manylinux_2_17_aarch64.manylinux2014_aarch64.whl", hash = "sha256:255efe334dc69a78c3b7986b9c893ef86cead5aaf8c61cb6990949b4fca84142", size = 12286043, upload-time = "2025-06-07T07:32:05.147Z" },
    { url = "https://pypi.netflix.net/packages/18755314361/pygame_ce-2.5.5-cp313-cp313-manylinux_2_17_i686.manylinux2014_i686.whl", hash = "sha256:c4b90f01d3ae8ae0f84361480531323bbd06e10be75f4e67478b999b43f8a1f9", size = 12821547, upload-time = "2025-06-07T07:32:07.347Z" },
    { url = "https://pypi.netflix.net/packages/18755314362/pygame_ce-2.5.5-cp313-cp313-manylinux_2_17_x86_64.manylinux2014_x86_64.whl", hash = "sha256:e37bfd4545fb057ce24d06e13d1262989ca0ece3b12010c585130607e3c2bbf8", size = 12463330, upload-time = "2025-06-07T07:32:10.136Z" },
    { url = "https://pypi.netflix.net/packages/18755314363/pygame_ce-2.5.5-cp313-cp313-win32.whl", hash = "sha256:476a1b56b19f5023ddd0512716f11c413c3587b93dfd4aebd40869f261d3b8b7", size = 9799763, upload-time = "2025-06-07T07:32:12.332Z" },
    { url = "https://pypi.netflix.net/packages/18755314364/pygame_ce-2.5.5-cp313-cp313-win_amd64.whl", hash = "sha256:8568fab6d43e23ca209fb860f7d387f2f89bd4047a4fa617ed0951fd9739109c", size = 10376053, upload-time = "2025-06-07T07:32:14.526Z" },
    { url = "https://pypi.netflix.net/packages/18914370903/pygame_ce-2.5.5-cp314-cp314-macosx_10_13_x86_64.whl", hash = "sha256:5fdaba786e3fd77315dcdf240d1d24119c51ce803c31e8d1362cc938cea75570", size = 12374606, upload-time = "2025-07-28T07:48:04.566Z" },
    { url = "https://pypi.netflix.net/packages/18914370904/pygame_ce-2.5.5-cp314-cp314-macosx_11_0_arm64.whl", hash = "sha256:518768ce311ae56ac43059307f18a07768a106e8fbed365f747e2558dba7a4b4", size = 11624585, upload-time = "2025-07-28T07:48:14.375Z" },
    { url = "https://pypi.netflix.net/packages/18914372299/pygame_ce-2.5.5-cp314-cp314-manylinux2014_aarch64.manylinux_2_17_aarch64.whl", hash = "sha256:18b683f1a14d2d537f1c3e7749c156ead905521a3089b4106a7ffb1e5c8f7922", size = 12267397, upload-time = "2025-07-28T07:48:24.171Z" },
    { url = "https://pypi.netflix.net/packages/18914372300/pygame_ce-2.5.5-cp314-cp314-manylinux2014_i686.manylinux_2_17_i686.whl", hash = "sha256:33a6e579061bd74ce31d23148b631b00cd0ed71eeea06c0a852c8a29552315db", size = 12793784, upload-time = "2025-07-28T07:48:34.4Z" },
    { url = "https://pypi.netflix.net/packages/18914373697/pygame_ce-2.5.5-cp314-cp314-manylinux2014_x86_64.manylinux_2_17_x86_64.whl", hash = "sha256:6f50a43ca19e2e060e79ab53f8a9db9c7e3388b39c0015e56e30f17feab6c37f", size = 12436752, upload-time = "2025-07-28T07:48:44.357Z" },
    { url = "https://pypi.netflix.net/packages/18914375095/pygame_ce-2.5.5-cp314-cp314-win32.whl", hash = "sha256:2515a5d07a856b61871bc47f5c88d9cbb50d81013de865d7cc3a1d3648b4fef9", size = 9904668, upload-time = "2025-07-28T07:48:52.776Z" },
    { url = "https://pypi.netflix.net/packages/18914375096/pygame_ce-2.5.5-cp314-cp314-win_amd64.whl", hash = "sha256:7f3bafbc6007c96d42f305e2ed7b2ad899ed6aa97546b1457bd50c39fd764dbf", size = 10516298, upload-time = "2025-07-28T07:49:00.866Z" },
]

[[package]]
name = "pymunk"
version = "7.1.0"
source = { registry = "https://pypi.netflix.net/simple" }
dependencies = [
    { name = "cffi" },
]
sdist = { url = "https://pypi.netflix.net/packages/18831304536/pymunk-7.1.0.tar.gz", hash = "sha256:f3045897261325bb3e89284402dd43b908d0a5871dc2010597e36b4309f0229b", size = 3355569, upload-time = "2025-06-30T19:39:08.81Z" }
wheels = [
    { url = "https://pypi.netflix.net/packages/18828761853/pymunk-7.1.0-cp312-cp312-macosx_10_13_x86_64.whl", hash = "sha256:226d2a45942284bf472580be487a84af4d32fbfaf11ec1a5f36d04a7ce8b0dbd", size = 367321, upload-time = "2025-06-29T20:06:01.608Z" },
    { url = "https://pypi.netflix.net/packages/18828761854/pymunk-7.1.0-cp312-cp312-macosx_11_0_arm64.whl", hash = "sha256:dfacf19a1b6815a571a87308777a73af05cbcfede9357c5143410b027d023bc1", size = 350136, upload-time = "2025-06-29T20:06:03.499Z" },
    { url = "https://pypi.netflix.net/packages/18828761855/pymunk-7.1.0-cp312-cp312-manylinux2014_aarch64.manylinux_2_17_aarch64.manylinux_2_28_aarch64.whl", hash = "sha256:dc259973248fda635173c09c5fc96901fb916ec8d2977b5ee4aaa8e70293f94b", size = 993324, upload-time = "2025-06-29T20:06:06.097Z" },
    { url = "https://pypi.netflix.net/packages/18828761856/pymunk-7.1.0-cp312-cp312-manylinux2014_x86_64.manylinux_2_17_x86_64.manylinux_2_28_x86_64.whl", hash = "sha256:6639d2e3242650e52227690931dbe43ab1aa29f24fb456aafb6b70b3027ea744", size = 1017864, upload-time = "2025-06-29T20:06:09.298Z" },
    { url = "https://pypi.netflix.net/packages/18828764586/pymunk-7.1.0-cp312-cp312-musllinux_1_2_aarch64.whl", hash = "sha256:8d47bc3c82340e32e2ac28f3f12261303a81fd1e3ddf4597ab723c15ada39285", size = 989245, upload-time = "2025-06-29T20:06:12.04Z" },
    { url = "https://pypi.netflix.net/packages/18828764587/pymunk-7.1.0-cp312-cp312-musllinux_1_2_x86_64.whl", hash = "sha256:58a47d716aa18695b5e8611d43061e323793913d25b019afa00c99d035a18671", size = 1016204, upload-time = "2025-06-29T20:06:14.989Z" },
    { url = "https://pypi.netflix.net/packages/18828764588/pymunk-7.1.0-cp312-cp312-win32.whl", hash = "sha256:13359a0ae1bc069318b36c8e3eb69d72bac72153e6f168410d01115cc1f252ee", size = 317747, upload-time = "2025-06-29T20:06:16.916Z" },
    { url = "https://pypi.netflix.net/packages/18828764589/pymunk-7.1.0-cp312-cp312-win_amd64.whl", hash = "sha256:b00b50c9963e2743bff37f9319a44e42a5ee9f7dd6755d9bc9b6decef13e0f63", size = 368267, upload-time = "2025-06-29T20:06:18.364Z" },
    { url = "https://pypi.netflix.net/packages/18828769058/pymunk-7.1.0-cp313-cp313-ios_13_0_arm64_iphoneos.whl", hash = "sha256:251c3ed2e3d4221eb5fef63376d98d63bd14a63502dba74909422b232473ac51", size = 284835, upload-time = "2025-06-29T20:09:36.677Z" },
    { url = "https://pypi.netflix.net/packages/18828769059/pymunk-7.1.0-cp313-cp313-ios_13_0_arm64_iphonesimulator.whl", hash = "sha256:1b806fceb5aaa4cfeac3a54389abb8c8bb60b66e3a3da03b920c121652754bb0", size = 288555, upload-time = "2025-06-29T20:09:37.977Z" },
    { url = "https://pypi.netflix.net/packages/18828769060/pymunk-7.1.0-cp313-cp313-ios_13_0_x86_64_iphonesimulator.whl", hash = "sha256:913f63ae26c869cfde4f4fa96264088045b979846f2de5d33e7bcf91c90ccc0c", size = 308689, upload-time = "2025-06-29T20:09:39.642Z" },
    { url = "https://pypi.netflix.net/packages/18828764590/pymunk-7.1.0-cp313-cp313-macosx_10_13_x86_64.whl", hash = "sha256:96c07310f3276d081bf3a9c6c6e69511478027cf92a265d669fa91e8a02d4451", size = 367316, upload-time = "2025-06-29T20:06:19.882Z" },
    { url = "https://pypi.netflix.net/packages/18828764591/pymunk-7.1.0-cp313-cp313-macosx_11_0_arm64.whl", hash = "sha256:e5f1e92d68a9c4b77d2010b79bd44b3c8ec961680bc4d967de59a98f08e3fdf1", size = 350139, upload-time = "2025-06-29T20:06:21.505Z" },
    { url = "https://pypi.netflix.net/packages/18828764592/pymunk-7.1.0-cp313-cp313-manylinux2014_aarch64.manylinux_2_17_aarch64.manylinux_2_28_aarch64.whl", hash = "sha256:3ffe81f8e5a1ebfe815a678ac5bdd0a9ed3e8288c380e4f0ef21df261b68d2ce", size = 993333, upload-time = "2025-06-29T20:06:23.582Z" },
    { url = "https://pypi.netflix.net/packages/18828764593/pymunk-7.1.0-cp313-cp313-manylinux2014_x86_64.manylinux_2_17_x86_64.manylinux_2_28_x86_64.whl", hash = "sha256:b94bb5bbc2c85000a0446cd330476e529e5ac3467bc3cee172a208a844ebb870", size = 1017843, upload-time = "2025-06-29T20:06:26.287Z" },
    { url = "https://pypi.netflix.net/packages/18828764594/pymunk-7.1.0-cp313-cp313-musllinux_1_2_aarch64.whl", hash = "sha256:34b52d4dcb854e4a8cb790c910959071b399be088ffbfee785a799b9e6f7fb13", size = 989260, upload-time = "2025-06-29T20:06:28.347Z" },
    { url = "https://pypi.netflix.net/packages/18828764595/pymunk-7.1.0-cp313-cp313-musllinux_1_2_x86_64.whl", hash = "sha256:9d90797defc45dc84afc7837d0b25281ba3c5e2040eb4d790ff0fdd9d103c9da", size = 1016195, upload-time = "2025-06-29T20:06:30.324Z" },
    { url = "https://pypi.netflix.net/packages/18828764596/pymunk-7.1.0-cp313-cp313-win32.whl", hash = "sha256:66043c565bf21a7c9f41343db81f6719211673e9ffcd8abeeb2dd2d618835361", size = 317750, upload-time = "2025-06-29T20:06:31.702Z" },
    { url = "https://pypi.netflix.net/packages/18828764597/pymunk-7.1.0-cp313-cp313-win_amd64.whl", hash = "sha256:1601e05e8ed02175cfce21e3e993083d46125f95e5ea93eff097d49e70e7e834", size = 368268, upload-time = "2025-06-29T20:06:33.279Z" },
]

[[package]]
name = "ruff"
version = "0.12.7"
source = { registry = "https://pypi.netflix.net/simple" }
sdist = { url = "https://pypi.netflix.net/packages/18920864263/ruff-0.12.7.tar.gz", hash = "sha256:1fc3193f238bc2d7968772c82831a4ff69252f673be371fb49663f0068b7ec71", size = 5197814, upload-time = "2025-07-29T22:32:35.877Z" }
wheels = [
    { url = "https://pypi.netflix.net/packages/18920845959/ruff-0.12.7-py3-none-linux_armv6l.whl", hash = "sha256:76e4f31529899b8c434c3c1dede98c4483b89590e15fb49f2d46183801565303", size = 11852189, upload-time = "2025-07-29T22:31:41.281Z" },
    { url = "https://pypi.netflix.net/packages/18920845960/ruff-0.12.7-py3-none-macosx_10_12_x86_64.whl", hash = "sha256:789b7a03e72507c54fb3ba6209e4bb36517b90f1a3569ea17084e3fd295500fb", size = 12519389, upload-time = "2025-07-29T22:31:54.265Z" },
    { url = "https://pypi.netflix.net/packages/18920845961/ruff-0.12.7-py3-none-macosx_11_0_arm64.whl", hash = "sha256:2e1c2a3b8626339bb6369116e7030a4cf194ea48f49b64bb505732a7fce4f4e3", size = 11743384, upload-time = "2025-07-29T22:31:59.575Z" },
    { url = "https://pypi.netflix.net/packages/18920845962/ruff-0.12.7-py3-none-manylinux_2_17_aarch64.manylinux2014_aarch64.whl", hash = "sha256:32dec41817623d388e645612ec70d5757a6d9c035f3744a52c7b195a57e03860", size = 11943759, upload-time = "2025-07-29T22:32:01.95Z" },
    { url = "https://pypi.netflix.net/packages/18920845963/ruff-0.12.7-py3-none-manylinux_2_17_armv7l.manylinux2014_armv7l.whl", hash = "sha256:47ef751f722053a5df5fa48d412dbb54d41ab9b17875c6840a58ec63ff0c247c", size = 11654028, upload-time = "2025-07-29T22:32:04.367Z" },
    { url = "https://pypi.netflix.net/packages/18920852054/ruff-0.12.7-py3-none-manylinux_2_17_i686.manylinux2014_i686.whl", hash = "sha256:a828a5fc25a3efd3e1ff7b241fd392686c9386f20e5ac90aa9234a5faa12c423", size = 13225209, upload-time = "2025-07-29T22:32:06.952Z" },
    { url = "https://pypi.netflix.net/packages/18920852055/ruff-0.12.7-py3-none-manylinux_2_17_ppc64.manylinux2014_ppc64.whl", hash = "sha256:5726f59b171111fa6a69d82aef48f00b56598b03a22f0f4170664ff4d8298efb", size = 14182353, upload-time = "2025-07-29T22:32:10.053Z" },
    { url = "https://pypi.netflix.net/packages/18920852056/ruff-0.12.7-py3-none-manylinux_2_17_ppc64le.manylinux2014_ppc64le.whl", hash = "sha256:74e6f5c04c4dd4aba223f4fe6e7104f79e0eebf7d307e4f9b18c18362124bccd", size = 13631555, upload-time = "2025-07-29T22:32:12.644Z" },
    { url = "https://pypi.netflix.net/packages/18920852057/ruff-0.12.7-py3-none-manylinux_2_17_s390x.manylinux2014_s390x.whl", hash = "sha256:5d0bfe4e77fba61bf2ccadf8cf005d6133e3ce08793bbe870dd1c734f2699a3e", size = 12667556, upload-time = "2025-07-29T22:32:15.312Z" },
    { url = "https://pypi.netflix.net/packages/18920852058/ruff-0.12.7-py3-none-manylinux_2_17_x86_64.manylinux2014_x86_64.whl", hash = "sha256:06bfb01e1623bf7f59ea749a841da56f8f653d641bfd046edee32ede7ff6c606", size = 12939784, upload-time = "2025-07-29T22:32:17.69Z" },
    { url = "https://pypi.netflix.net/packages/18920858154/ruff-0.12.7-py3-none-musllinux_1_2_aarch64.whl", hash = "sha256:e41df94a957d50083fd09b916d6e89e497246698c3f3d5c681c8b3e7b9bb4ac8", size = 11771356, upload-time = "2025-07-29T22:32:20.134Z" },
    { url = "https://pypi.netflix.net/packages/18920858155/ruff-0.12.7-py3-none-musllinux_1_2_armv7l.whl", hash = "sha256:4000623300563c709458d0ce170c3d0d788c23a058912f28bbadc6f905d67afa", size = 11612124, upload-time = "2025-07-29T22:32:22.645Z" },
    { url = "https://pypi.netflix.net/packages/18920858156/ruff-0.12.7-py3-none-musllinux_1_2_i686.whl", hash = "sha256:69ffe0e5f9b2cf2b8e289a3f8945b402a1b19eff24ec389f45f23c42a3dd6fb5", size = 12479945, upload-time = "2025-07-29T22:32:24.765Z" },
    { url = "https://pypi.netflix.net/packages/18920858157/ruff-0.12.7-py3-none-musllinux_1_2_x86_64.whl", hash = "sha256:a07a5c8ffa2611a52732bdc67bf88e243abd84fe2d7f6daef3826b59abbfeda4", size = 12998677, upload-time = "2025-07-29T22:32:27.022Z" },
    { url = "https://pypi.netflix.net/packages/18920858158/ruff-0.12.7-py3-none-win32.whl", hash = "sha256:c928f1b2ec59fb77dfdf70e0419408898b63998789cc98197e15f560b9e77f77", size = 11756687, upload-time = "2025-07-29T22:32:29.381Z" },
    { url = "https://pypi.netflix.net/packages/18920858159/ruff-0.12.7-py3-none-win_amd64.whl", hash = "sha256:9c18f3d707ee9edf89da76131956aba1270c6348bfee8f6c647de841eac7194f", size = 12912365, upload-time = "2025-07-29T22:32:31.517Z" },
    { url = "https://pypi.netflix.net/packages/18920858160/ruff-0.12.7-py3-none-win_arm64.whl", hash = "sha256:dfce05101dbd11833a0776716d5d1578641b7fddb537fe7fa956ab85d1769b69", size = 11982083, upload-time = "2025-07-29T22:32:33.881Z" },
]

[[package]]
name = "typing-extensions"
version = "4.14.1"
source = { registry = "https://pypi.netflix.net/simple" }
sdist = { url = "https://pypi.netflix.net/packages/18843768550/typing_extensions-4.14.1.tar.gz", hash = "sha256:38b39f4aeeab64884ce9f74c94263ef78f3c22467c8724005483154c26648d36", size = 107673, upload-time = "2025-07-04T13:28:34.16Z" }
wheels = [
    { url = "https://pypi.netflix.net/packages/18843768549/typing_extensions-4.14.1-py3-none-any.whl", hash = "sha256:d1e1e3b58374dc93031d6eda2420a48ea44a36c2b4766a4fdeb3710755731d76", size = 43906, upload-time = "2025-07-04T13:28:32.743Z" },
]
